
Microsoft Visual Studio Solution File, Format Version 12.00
# Visual Studio Version 17
VisualStudioVersion = 17.5.33414.496
MinimumVisualStudioVersion = 10.0.40219.1
Project("{9A19103F-16F7-4668-BE54-9A1E7A4F7556}") = "valentines2023-graph", "valentines2023-graph.csproj", "{B38E0D19-B65B-4C82-B490-27F046773FDF}"
EndProject
Global
	GlobalSection(SolutionConfigurationPlatforms) = preSolution
		Debug|Any CPU = Debug|Any CPU
		Release|Any CPU = Release|Any CPU
	EndGlobalSection
	GlobalSection(ProjectConfigurationPlatforms) = postSolution
		{B38E0D19-B65B-4C82-B490-27F046773FDF}.Debug|Any CPU.ActiveCfg = Debug|Any CPU
		{B38E0D19-B65B-4C82-B490-27F046773FDF}.Debug|Any CPU.Build.0 = Debug|Any CPU
		{B38E0D19-B65B-4C82-B490-27F046773FDF}.Release|Any CPU.ActiveCfg = Release|Any CPU
		{B38E0D19-B65B-4C82-B490-27F046773FDF}.Release|Any CPU.Build.0 = Release|Any CPU
	EndGlobalSection
	GlobalSection(SolutionProperties) = preSolution
		HideSolutionNode = FALSE
	EndGlobalSection
	GlobalSection(ExtensibilityGlobals) = postSolution
		SolutionGuid = {A425B573-2D89-4B6F-BE8A-4BE897E0A951}
	EndGlobalSection
EndGlobal
