
Microsoft Visual Studio Solution File, Format Version 12.00
# Visual Studio Version 16
VisualStudioVersion = 16.0.28803.156
MinimumVisualStudioVersion = 10.0.40219.1
Project("{2150E333-8FDC-42A3-9474-1A3956D46DE8}") = "Solution Items", "Solution Items", "{6568E938-624C-4E57-828D-82A09193749E}"
	ProjectSection(SolutionItems) = preProject
		.editorconfig = .editorconfig
		.gitignore = .gitignore
	EndProjectSection
EndProject
Project("{9A19103F-16F7-4668-BE54-9A1E7A4F7556}") = "TaylorBot.Net.EntityTracker.Program", "Program.EntityTracker\src\TaylorBot.Net.EntityTracker.Program\TaylorBot.Net.EntityTracker.Program.csproj", "{5829E17B-5DCA-49BC-B43A-300F14A09908}"
EndProject
Project("{9A19103F-16F7-4668-BE54-9A1E7A4F7556}") = "TaylorBot.Net.EntityTracker.Infrastructure", "Core\src\TaylorBot.Net.EntityTracker.Infrastructure\TaylorBot.Net.EntityTracker.Infrastructure.csproj", "{AA766BCD-CF57-4294-99E0-834E8E80EAF7}"
EndProject
Project("{9A19103F-16F7-4668-BE54-9A1E7A4F7556}") = "TaylorBot.Net.EntityTracker.Domain", "Core\src\TaylorBot.Net.EntityTracker.Domain\TaylorBot.Net.EntityTracker.Domain.csproj", "{744897A9-FA70-4309-B71F-86C8EBE8814E}"
EndProject
Project("{9A19103F-16F7-4668-BE54-9A1E7A4F7556}") = "TaylorBot.Net.Core", "Core\src\TaylorBot.Net.Core\TaylorBot.Net.Core.csproj", "{AEEBE61B-63E2-4358-92BC-46EBB2E7805A}"
EndProject
Project("{9A19103F-16F7-4668-BE54-9A1E7A4F7556}") = "TaylorBot.Net.Core.Infrastructure", "Core\src\TaylorBot.Net.Core.Infrastructure\TaylorBot.Net.Core.Infrastructure.csproj", "{4E9A51B6-0B0E-491A-8A54-0957806D4B44}"
EndProject
Project("{9A19103F-16F7-4668-BE54-9A1E7A4F7556}") = "TaylorBot.Net.Core.Program", "Core\src\TaylorBot.Net.Core.Program\TaylorBot.Net.Core.Program.csproj", "{0E35D01E-742C-4033-8F17-A91E777628F8}"
EndProject
Project("{9A19103F-16F7-4668-BE54-9A1E7A4F7556}") = "TaylorBot.Net.QuickStart.Domain", "Program.EntityTracker\src\TaylorBot.Net.QuickStart.Domain\TaylorBot.Net.QuickStart.Domain.csproj", "{EA7C5094-62E6-4DBB-B788-29BD32B3E410}"
EndProject
Project("{9A19103F-16F7-4668-BE54-9A1E7A4F7556}") = "TaylorBot.Net.MemberLogging.Domain", "Core\src\TaylorBot.Net.MemberLogging.Domain\TaylorBot.Net.MemberLogging.Domain.csproj", "{497A24F9-4DDE-4216-A589-83EFF5253AA7}"
EndProject
Project("{9A19103F-16F7-4668-BE54-9A1E7A4F7556}") = "TaylorBot.Net.MemberLogging.Infrastructure", "Core\src\TaylorBot.Net.MemberLogging.Infrastructure\TaylorBot.Net.MemberLogging.Infrastructure.csproj", "{E43CD69B-E0AA-4B49-B71F-6AD7E932408C}"
EndProject
Project("{2150E333-8FDC-42A3-9474-1A3956D46DE8}") = "Tests", "Tests", "{29BA662E-89CF-4749-953A-4B0E3F4019F3}"
EndProject
Project("{9A19103F-16F7-4668-BE54-9A1E7A4F7556}") = "TaylorBot.Net.QuickStart.Domain.Tests", "Program.EntityTracker\test\TaylorBot.Net.QuickStart.Domain.Tests\TaylorBot.Net.QuickStart.Domain.Tests.csproj", "{8FBA01D3-B4BA-411A-99CD-8CBC2FE9A1F4}"
EndProject
Project("{9A19103F-16F7-4668-BE54-9A1E7A4F7556}") = "TaylorBot.Net.Core.Tests", "Core\test\TaylorBot.Net.Core.Tests\TaylorBot.Net.Core.Tests.csproj", "{6AE2708E-8B0D-4CAD-920D-A18FB2A7EB83}"
EndProject
Project("{9A19103F-16F7-4668-BE54-9A1E7A4F7556}") = "TaylorBot.Net.MessagesTracker.Domain", "Program.EntityTracker\src\TaylorBot.Net.MessagesTracker.Domain\TaylorBot.Net.MessagesTracker.Domain.csproj", "{63A28661-6025-4FDA-928D-DFCB90006B8A}"
EndProject
Project("{9A19103F-16F7-4668-BE54-9A1E7A4F7556}") = "TaylorBot.Net.MessagesTracker.Infrastructure", "Program.EntityTracker\src\TaylorBot.Net.MessagesTracker.Infrastructure\TaylorBot.Net.MessagesTracker.Infrastructure.csproj", "{902AEC3D-11AE-4BBD-8ED7-69DD770DCC18}"
EndProject
Project("{9A19103F-16F7-4668-BE54-9A1E7A4F7556}") = "TaylorBot.Net.MinutesTracker.Domain", "Program.EntityTracker\src\TaylorBot.Net.MinutesTracker.Domain\TaylorBot.Net.MinutesTracker.Domain.csproj", "{ED00E8FD-2AB0-459A-8F15-7711FA73FAAE}"
EndProject
Project("{9A19103F-16F7-4668-BE54-9A1E7A4F7556}") = "TaylorBot.Net.MinutesTracker.Infrastructure", "Program.EntityTracker\src\TaylorBot.Net.MinutesTracker.Infrastructure\TaylorBot.Net.MinutesTracker.Infrastructure.csproj", "{5591A29D-8841-4B94-A0B1-67A5B7CF68EA}"
EndProject
Project("{9A19103F-16F7-4668-BE54-9A1E7A4F7556}") = "TaylorBot.Net.MessagesTracker.Domain.Tests", "Program.EntityTracker\test\TaylorBot.Net.MessagesTracker.Domain.Tests\TaylorBot.Net.MessagesTracker.Domain.Tests.csproj", "{9DB347BC-3B16-44D0-A633-87498C10A849}"
EndProject
Global
	GlobalSection(SolutionConfigurationPlatforms) = preSolution
		Debug|Any CPU = Debug|Any CPU
		Release|Any CPU = Release|Any CPU
	EndGlobalSection
	GlobalSection(ProjectConfigurationPlatforms) = postSolution
		{5829E17B-5DCA-49BC-B43A-300F14A09908}.Debug|Any CPU.ActiveCfg = Debug|Any CPU
		{5829E17B-5DCA-49BC-B43A-300F14A09908}.Debug|Any CPU.Build.0 = Debug|Any CPU
		{5829E17B-5DCA-49BC-B43A-300F14A09908}.Release|Any CPU.ActiveCfg = Release|Any CPU
		{5829E17B-5DCA-49BC-B43A-300F14A09908}.Release|Any CPU.Build.0 = Release|Any CPU
		{AA766BCD-CF57-4294-99E0-834E8E80EAF7}.Debug|Any CPU.ActiveCfg = Debug|Any CPU
		{AA766BCD-CF57-4294-99E0-834E8E80EAF7}.Debug|Any CPU.Build.0 = Debug|Any CPU
		{AA766BCD-CF57-4294-99E0-834E8E80EAF7}.Release|Any CPU.ActiveCfg = Release|Any CPU
		{AA766BCD-CF57-4294-99E0-834E8E80EAF7}.Release|Any CPU.Build.0 = Release|Any CPU
		{744897A9-FA70-4309-B71F-86C8EBE8814E}.Debug|Any CPU.ActiveCfg = Debug|Any CPU
		{744897A9-FA70-4309-B71F-86C8EBE8814E}.Debug|Any CPU.Build.0 = Debug|Any CPU
		{744897A9-FA70-4309-B71F-86C8EBE8814E}.Release|Any CPU.ActiveCfg = Release|Any CPU
		{744897A9-FA70-4309-B71F-86C8EBE8814E}.Release|Any CPU.Build.0 = Release|Any CPU
		{AEEBE61B-63E2-4358-92BC-46EBB2E7805A}.Debug|Any CPU.ActiveCfg = Debug|Any CPU
		{AEEBE61B-63E2-4358-92BC-46EBB2E7805A}.Debug|Any CPU.Build.0 = Debug|Any CPU
		{AEEBE61B-63E2-4358-92BC-46EBB2E7805A}.Release|Any CPU.ActiveCfg = Release|Any CPU
		{AEEBE61B-63E2-4358-92BC-46EBB2E7805A}.Release|Any CPU.Build.0 = Release|Any CPU
		{4E9A51B6-0B0E-491A-8A54-0957806D4B44}.Debug|Any CPU.ActiveCfg = Debug|Any CPU
		{4E9A51B6-0B0E-491A-8A54-0957806D4B44}.Debug|Any CPU.Build.0 = Debug|Any CPU
		{4E9A51B6-0B0E-491A-8A54-0957806D4B44}.Release|Any CPU.ActiveCfg = Release|Any CPU
		{4E9A51B6-0B0E-491A-8A54-0957806D4B44}.Release|Any CPU.Build.0 = Release|Any CPU
		{0E35D01E-742C-4033-8F17-A91E777628F8}.Debug|Any CPU.ActiveCfg = Debug|Any CPU
		{0E35D01E-742C-4033-8F17-A91E777628F8}.Debug|Any CPU.Build.0 = Debug|Any CPU
		{0E35D01E-742C-4033-8F17-A91E777628F8}.Release|Any CPU.ActiveCfg = Release|Any CPU
		{0E35D01E-742C-4033-8F17-A91E777628F8}.Release|Any CPU.Build.0 = Release|Any CPU
		{EA7C5094-62E6-4DBB-B788-29BD32B3E410}.Debug|Any CPU.ActiveCfg = Debug|Any CPU
		{EA7C5094-62E6-4DBB-B788-29BD32B3E410}.Debug|Any CPU.Build.0 = Debug|Any CPU
		{EA7C5094-62E6-4DBB-B788-29BD32B3E410}.Release|Any CPU.ActiveCfg = Release|Any CPU
		{EA7C5094-62E6-4DBB-B788-29BD32B3E410}.Release|Any CPU.Build.0 = Release|Any CPU
		{497A24F9-4DDE-4216-A589-83EFF5253AA7}.Debug|Any CPU.ActiveCfg = Debug|Any CPU
		{497A24F9-4DDE-4216-A589-83EFF5253AA7}.Debug|Any CPU.Build.0 = Debug|Any CPU
		{497A24F9-4DDE-4216-A589-83EFF5253AA7}.Release|Any CPU.ActiveCfg = Release|Any CPU
		{497A24F9-4DDE-4216-A589-83EFF5253AA7}.Release|Any CPU.Build.0 = Release|Any CPU
		{E43CD69B-E0AA-4B49-B71F-6AD7E932408C}.Debug|Any CPU.ActiveCfg = Debug|Any CPU
		{E43CD69B-E0AA-4B49-B71F-6AD7E932408C}.Debug|Any CPU.Build.0 = Debug|Any CPU
		{E43CD69B-E0AA-4B49-B71F-6AD7E932408C}.Release|Any CPU.ActiveCfg = Release|Any CPU
		{E43CD69B-E0AA-4B49-B71F-6AD7E932408C}.Release|Any CPU.Build.0 = Release|Any CPU
		{8FBA01D3-B4BA-411A-99CD-8CBC2FE9A1F4}.Debug|Any CPU.ActiveCfg = Debug|Any CPU
		{8FBA01D3-B4BA-411A-99CD-8CBC2FE9A1F4}.Debug|Any CPU.Build.0 = Debug|Any CPU
		{8FBA01D3-B4BA-411A-99CD-8CBC2FE9A1F4}.Release|Any CPU.ActiveCfg = Release|Any CPU
		{8FBA01D3-B4BA-411A-99CD-8CBC2FE9A1F4}.Release|Any CPU.Build.0 = Release|Any CPU
		{6AE2708E-8B0D-4CAD-920D-A18FB2A7EB83}.Debug|Any CPU.ActiveCfg = Debug|Any CPU
		{6AE2708E-8B0D-4CAD-920D-A18FB2A7EB83}.Debug|Any CPU.Build.0 = Debug|Any CPU
		{6AE2708E-8B0D-4CAD-920D-A18FB2A7EB83}.Release|Any CPU.ActiveCfg = Release|Any CPU
		{6AE2708E-8B0D-4CAD-920D-A18FB2A7EB83}.Release|Any CPU.Build.0 = Release|Any CPU
		{63A28661-6025-4FDA-928D-DFCB90006B8A}.Debug|Any CPU.ActiveCfg = Debug|Any CPU
		{63A28661-6025-4FDA-928D-DFCB90006B8A}.Debug|Any CPU.Build.0 = Debug|Any CPU
		{63A28661-6025-4FDA-928D-DFCB90006B8A}.Release|Any CPU.ActiveCfg = Release|Any CPU
		{63A28661-6025-4FDA-928D-DFCB90006B8A}.Release|Any CPU.Build.0 = Release|Any CPU
		{902AEC3D-11AE-4BBD-8ED7-69DD770DCC18}.Debug|Any CPU.ActiveCfg = Debug|Any CPU
		{902AEC3D-11AE-4BBD-8ED7-69DD770DCC18}.Debug|Any CPU.Build.0 = Debug|Any CPU
		{902AEC3D-11AE-4BBD-8ED7-69DD770DCC18}.Release|Any CPU.ActiveCfg = Release|Any CPU
		{902AEC3D-11AE-4BBD-8ED7-69DD770DCC18}.Release|Any CPU.Build.0 = Release|Any CPU
		{ED00E8FD-2AB0-459A-8F15-7711FA73FAAE}.Debug|Any CPU.ActiveCfg = Debug|Any CPU
		{ED00E8FD-2AB0-459A-8F15-7711FA73FAAE}.Debug|Any CPU.Build.0 = Debug|Any CPU
		{ED00E8FD-2AB0-459A-8F15-7711FA73FAAE}.Release|Any CPU.ActiveCfg = Release|Any CPU
		{ED00E8FD-2AB0-459A-8F15-7711FA73FAAE}.Release|Any CPU.Build.0 = Release|Any CPU
		{5591A29D-8841-4B94-A0B1-67A5B7CF68EA}.Debug|Any CPU.ActiveCfg = Debug|Any CPU
		{5591A29D-8841-4B94-A0B1-67A5B7CF68EA}.Debug|Any CPU.Build.0 = Debug|Any CPU
		{5591A29D-8841-4B94-A0B1-67A5B7CF68EA}.Release|Any CPU.ActiveCfg = Release|Any CPU
		{5591A29D-8841-4B94-A0B1-67A5B7CF68EA}.Release|Any CPU.Build.0 = Release|Any CPU
		{9DB347BC-3B16-44D0-A633-87498C10A849}.Debug|Any CPU.ActiveCfg = Debug|Any CPU
		{9DB347BC-3B16-44D0-A633-87498C10A849}.Debug|Any CPU.Build.0 = Debug|Any CPU
		{9DB347BC-3B16-44D0-A633-87498C10A849}.Release|Any CPU.ActiveCfg = Release|Any CPU
		{9DB347BC-3B16-44D0-A633-87498C10A849}.Release|Any CPU.Build.0 = Release|Any CPU
	EndGlobalSection
	GlobalSection(SolutionProperties) = preSolution
		HideSolutionNode = FALSE
	EndGlobalSection
	GlobalSection(NestedProjects) = preSolution
		{8FBA01D3-B4BA-411A-99CD-8CBC2FE9A1F4} = {29BA662E-89CF-4749-953A-4B0E3F4019F3}
		{6AE2708E-8B0D-4CAD-920D-A18FB2A7EB83} = {29BA662E-89CF-4749-953A-4B0E3F4019F3}
		{9DB347BC-3B16-44D0-A633-87498C10A849} = {29BA662E-89CF-4749-953A-4B0E3F4019F3}
	EndGlobalSection
	GlobalSection(ExtensibilityGlobals) = postSolution
		SolutionGuid = {8D225E70-5FBF-4E89-AF75-A597D9D59A20}
	EndGlobalSection
EndGlobal
