
Microsoft Visual Studio Solution File, Format Version 12.00
# Visual Studio Version 17
VisualStudioVersion = 17.0.32112.339
MinimumVisualStudioVersion = 10.0.40219.1
Project("{9A19103F-16F7-4668-BE54-9A1E7A4F7556}") = "TaylorBot.Net.UserNotifier.Program", "Program.UserNotifier\src\TaylorBot.Net.UserNotifier.Program\TaylorBot.Net.UserNotifier.Program.csproj", "{F63C4940-5D7F-49FB-B249-5E5AA7729A90}"
EndProject
Project("{9A19103F-16F7-4668-BE54-9A1E7A4F7556}") = "TaylorBot.Net.Core.Program", "Core\src\TaylorBot.Net.Core.Program\TaylorBot.Net.Core.Program.csproj", "{9315035E-B605-4687-AA54-82142195CE7B}"
EndProject
Project("{2150E333-8FDC-42A3-9474-1A3956D46DE8}") = "Solution Items", "Solution Items", "{6FD7BAE2-F8D9-4AB4-91FD-AA2C07E78CEB}"
	ProjectSection(SolutionItems) = preProject
		.editorconfig = .editorconfig
		.gitignore = .gitignore
	EndProjectSection
EndProject
Project("{9A19103F-16F7-4668-BE54-9A1E7A4F7556}") = "TaylorBot.Net.Core", "Core\src\TaylorBot.Net.Core\TaylorBot.Net.Core.csproj", "{7124FE78-4373-4275-9576-83791414C75C}"
EndProject
Project("{9A19103F-16F7-4668-BE54-9A1E7A4F7556}") = "TaylorBot.Net.Core.Infrastructure", "Core\src\TaylorBot.Net.Core.Infrastructure\TaylorBot.Net.Core.Infrastructure.csproj", "{C70EFA7A-E395-4C3F-BB8A-60741064CE47}"
EndProject
Project("{9A19103F-16F7-4668-BE54-9A1E7A4F7556}") = "TaylorBot.Net.BirthdayReward.Domain", "Program.UserNotifier\src\TaylorBot.Net.BirthdayReward.Domain\TaylorBot.Net.BirthdayReward.Domain.csproj", "{DDB0DF51-2903-46BA-B0D8-210964A99DEE}"
EndProject
Project("{9A19103F-16F7-4668-BE54-9A1E7A4F7556}") = "TaylorBot.Net.BirthdayReward.Infrastructure", "Program.UserNotifier\src\TaylorBot.Net.BirthdayReward.Infrastructure\TaylorBot.Net.BirthdayReward.Infrastructure.csproj", "{2F0CA9FB-F6E5-48C8-8CD0-27EDE0E330B3}"
EndProject
Project("{9A19103F-16F7-4668-BE54-9A1E7A4F7556}") = "TaylorBot.Net.Reminder.Domain", "Program.UserNotifier\src\TaylorBot.Net.Reminder.Domain\TaylorBot.Net.Reminder.Domain.csproj", "{BAC1E318-21E6-4091-999D-EE4EC6CC84D7}"
EndProject
Project("{9A19103F-16F7-4668-BE54-9A1E7A4F7556}") = "TaylorBot.Net.Reminder.Infrastructure", "Program.UserNotifier\src\TaylorBot.Net.Reminder.Infrastructure\TaylorBot.Net.Reminder.Infrastructure.csproj", "{557F2247-A418-4C09-827B-3C4F682CA290}"
EndProject
Project("{9A19103F-16F7-4668-BE54-9A1E7A4F7556}") = "TaylorBot.Net.MemberLogging.Domain", "Core\src\TaylorBot.Net.MemberLogging.Domain\TaylorBot.Net.MemberLogging.Domain.csproj", "{227A3192-37ED-469D-BA96-2D90D6A2BC9F}"
EndProject
Project("{9A19103F-16F7-4668-BE54-9A1E7A4F7556}") = "TaylorBot.Net.MemberLogging.Infrastructure", "Core\src\TaylorBot.Net.MemberLogging.Infrastructure\TaylorBot.Net.MemberLogging.Infrastructure.csproj", "{A61E6FD3-9DB0-463A-9BD0-DC8E78FC8B52}"
EndProject
Project("{9A19103F-16F7-4668-BE54-9A1E7A4F7556}") = "TaylorBot.Net.MessageLogging.Domain", "Program.UserNotifier\src\TaylorBot.Net.MessageLogging.Domain\TaylorBot.Net.MessageLogging.Domain.csproj", "{8D886BF0-D4DC-4AF2-8503-943847309B64}"
EndProject
Project("{9A19103F-16F7-4668-BE54-9A1E7A4F7556}") = "TaylorBot.Net.MessageLogging.Infrastructure", "Program.UserNotifier\src\TaylorBot.Net.MessageLogging.Infrastructure\TaylorBot.Net.MessageLogging.Infrastructure.csproj", "{113A71E6-1865-426C-A3B4-8810C6636CEB}"
EndProject
Project("{2150E333-8FDC-42A3-9474-1A3956D46DE8}") = "Tests", "Tests", "{B5E345D9-AF73-4140-8C58-CDFB89311AA5}"
EndProject
Project("{9A19103F-16F7-4668-BE54-9A1E7A4F7556}") = "TaylorBot.Net.BirthdayReward.Domain.Tests", "Program.UserNotifier\test\TaylorBot.Net.BirthdayReward.Domain.Tests\TaylorBot.Net.BirthdayReward.Domain.Tests.csproj", "{B8D6D617-EE24-4B29-BBBD-6C11C094CB49}"
EndProject
Project("{9A19103F-16F7-4668-BE54-9A1E7A4F7556}") = "TaylorBot.Net.Core.Tests", "Core\test\TaylorBot.Net.Core.Tests\TaylorBot.Net.Core.Tests.csproj", "{5F0644C3-2297-4410-8AB8-3530C90494C3}"
EndProject
Project("{9A19103F-16F7-4668-BE54-9A1E7A4F7556}") = "TaylorBot.Net.PatreonSync.Domain", "Program.UserNotifier\src\TaylorBot.Net.PatreonSync.Domain\TaylorBot.Net.PatreonSync.Domain.csproj", "{31E6418B-C2B6-4142-9044-EBE53BAABFB5}"
EndProject
Project("{9A19103F-16F7-4668-BE54-9A1E7A4F7556}") = "TaylorBot.Net.PatreonSync.Infrastructure", "Program.UserNotifier\src\TaylorBot.Net.PatreonSync.Infrastructure\TaylorBot.Net.PatreonSync.Infrastructure.csproj", "{9F532DC3-65D8-42FA-ADC6-71B5EE46FA52}"
EndProject
Project("{9A19103F-16F7-4668-BE54-9A1E7A4F7556}") = "TaylorBot.Net.InstagramNotifier.Domain", "Program.UserNotifier\src\TaylorBot.Net.InstagramNotifier.Domain\TaylorBot.Net.InstagramNotifier.Domain.csproj", "{889B9706-C7D4-443B-B007-885F8504B56E}"
EndProject
Project("{9A19103F-16F7-4668-BE54-9A1E7A4F7556}") = "TaylorBot.Net.InstagramNotifier.Infrastructure", "Program.UserNotifier\src\TaylorBot.Net.InstagramNotifier.Infrastructure\TaylorBot.Net.InstagramNotifier.Infrastructure.csproj", "{26A15779-600A-4722-A77A-258F406B3F49}"
EndProject
Project("{9A19103F-16F7-4668-BE54-9A1E7A4F7556}") = "TaylorBot.Net.RedditNotifier.Domain", "Program.UserNotifier\src\TaylorBot.Net.RedditNotifier.Domain\TaylorBot.Net.RedditNotifier.Domain.csproj", "{FF9A4EAF-82F7-4099-8E7D-C3CEFA0338C2}"
EndProject
Project("{9A19103F-16F7-4668-BE54-9A1E7A4F7556}") = "TaylorBot.Net.RedditNotifier.Infrastructure", "Program.UserNotifier\src\TaylorBot.Net.RedditNotifier.Infrastructure\TaylorBot.Net.RedditNotifier.Infrastructure.csproj", "{C6D75749-7E37-4D23-BA6E-7F1DF3A2C4DE}"
EndProject
Project("{9A19103F-16F7-4668-BE54-9A1E7A4F7556}") = "TaylorBot.Net.TumblrNotifier.Domain", "Program.UserNotifier\src\TaylorBot.Net.TumblrNotifier.Domain\TaylorBot.Net.TumblrNotifier.Domain.csproj", "{EE1AEB2F-69EF-4C81-9BB4-ECAE7E76B90F}"
EndProject
Project("{9A19103F-16F7-4668-BE54-9A1E7A4F7556}") = "TaylorBot.Net.TumblrNotifier.Infrastructure", "Program.UserNotifier\src\TaylorBot.Net.TumblrNotifier.Infrastructure\TaylorBot.Net.TumblrNotifier.Infrastructure.csproj", "{A3D0BA40-7B39-4D65-B044-E7286531F333}"
EndProject
Project("{9A19103F-16F7-4668-BE54-9A1E7A4F7556}") = "TaylorBot.Net.YoutubeNotifier.Domain", "Program.UserNotifier\src\TaylorBot.Net.YoutubeNotifier.Domain\TaylorBot.Net.YoutubeNotifier.Domain.csproj", "{8E36099C-D9A8-4D56-B53F-1A5ADAF60464}"
EndProject
Project("{9A19103F-16F7-4668-BE54-9A1E7A4F7556}") = "TaylorBot.Net.YoutubeNotifier.Infrastructure", "Program.UserNotifier\src\TaylorBot.Net.YoutubeNotifier.Infrastructure\TaylorBot.Net.YoutubeNotifier.Infrastructure.csproj", "{E8A3BDEB-5C56-4E72-AE9D-EB9EA88F6353}"
EndProject
Global
	GlobalSection(SolutionConfigurationPlatforms) = preSolution
		Debug|Any CPU = Debug|Any CPU
		Release|Any CPU = Release|Any CPU
	EndGlobalSection
	GlobalSection(ProjectConfigurationPlatforms) = postSolution
		{F63C4940-5D7F-49FB-B249-5E5AA7729A90}.Debug|Any CPU.ActiveCfg = Debug|Any CPU
		{F63C4940-5D7F-49FB-B249-5E5AA7729A90}.Debug|Any CPU.Build.0 = Debug|Any CPU
		{F63C4940-5D7F-49FB-B249-5E5AA7729A90}.Release|Any CPU.ActiveCfg = Release|Any CPU
		{F63C4940-5D7F-49FB-B249-5E5AA7729A90}.Release|Any CPU.Build.0 = Release|Any CPU
		{9315035E-B605-4687-AA54-82142195CE7B}.Debug|Any CPU.ActiveCfg = Debug|Any CPU
		{9315035E-B605-4687-AA54-82142195CE7B}.Debug|Any CPU.Build.0 = Debug|Any CPU
		{9315035E-B605-4687-AA54-82142195CE7B}.Release|Any CPU.ActiveCfg = Release|Any CPU
		{9315035E-B605-4687-AA54-82142195CE7B}.Release|Any CPU.Build.0 = Release|Any CPU
		{7124FE78-4373-4275-9576-83791414C75C}.Debug|Any CPU.ActiveCfg = Debug|Any CPU
		{7124FE78-4373-4275-9576-83791414C75C}.Debug|Any CPU.Build.0 = Debug|Any CPU
		{7124FE78-4373-4275-9576-83791414C75C}.Release|Any CPU.ActiveCfg = Release|Any CPU
		{7124FE78-4373-4275-9576-83791414C75C}.Release|Any CPU.Build.0 = Release|Any CPU
		{C70EFA7A-E395-4C3F-BB8A-60741064CE47}.Debug|Any CPU.ActiveCfg = Debug|Any CPU
		{C70EFA7A-E395-4C3F-BB8A-60741064CE47}.Debug|Any CPU.Build.0 = Debug|Any CPU
		{C70EFA7A-E395-4C3F-BB8A-60741064CE47}.Release|Any CPU.ActiveCfg = Release|Any CPU
		{C70EFA7A-E395-4C3F-BB8A-60741064CE47}.Release|Any CPU.Build.0 = Release|Any CPU
		{DDB0DF51-2903-46BA-B0D8-210964A99DEE}.Debug|Any CPU.ActiveCfg = Debug|Any CPU
		{DDB0DF51-2903-46BA-B0D8-210964A99DEE}.Debug|Any CPU.Build.0 = Debug|Any CPU
		{DDB0DF51-2903-46BA-B0D8-210964A99DEE}.Release|Any CPU.ActiveCfg = Release|Any CPU
		{DDB0DF51-2903-46BA-B0D8-210964A99DEE}.Release|Any CPU.Build.0 = Release|Any CPU
		{2F0CA9FB-F6E5-48C8-8CD0-27EDE0E330B3}.Debug|Any CPU.ActiveCfg = Debug|Any CPU
		{2F0CA9FB-F6E5-48C8-8CD0-27EDE0E330B3}.Debug|Any CPU.Build.0 = Debug|Any CPU
		{2F0CA9FB-F6E5-48C8-8CD0-27EDE0E330B3}.Release|Any CPU.ActiveCfg = Release|Any CPU
		{2F0CA9FB-F6E5-48C8-8CD0-27EDE0E330B3}.Release|Any CPU.Build.0 = Release|Any CPU
		{BAC1E318-21E6-4091-999D-EE4EC6CC84D7}.Debug|Any CPU.ActiveCfg = Debug|Any CPU
		{BAC1E318-21E6-4091-999D-EE4EC6CC84D7}.Debug|Any CPU.Build.0 = Debug|Any CPU
		{BAC1E318-21E6-4091-999D-EE4EC6CC84D7}.Release|Any CPU.ActiveCfg = Release|Any CPU
		{BAC1E318-21E6-4091-999D-EE4EC6CC84D7}.Release|Any CPU.Build.0 = Release|Any CPU
		{557F2247-A418-4C09-827B-3C4F682CA290}.Debug|Any CPU.ActiveCfg = Debug|Any CPU
		{557F2247-A418-4C09-827B-3C4F682CA290}.Debug|Any CPU.Build.0 = Debug|Any CPU
		{557F2247-A418-4C09-827B-3C4F682CA290}.Release|Any CPU.ActiveCfg = Release|Any CPU
		{557F2247-A418-4C09-827B-3C4F682CA290}.Release|Any CPU.Build.0 = Release|Any CPU
		{227A3192-37ED-469D-BA96-2D90D6A2BC9F}.Debug|Any CPU.ActiveCfg = Debug|Any CPU
		{227A3192-37ED-469D-BA96-2D90D6A2BC9F}.Debug|Any CPU.Build.0 = Debug|Any CPU
		{227A3192-37ED-469D-BA96-2D90D6A2BC9F}.Release|Any CPU.ActiveCfg = Release|Any CPU
		{227A3192-37ED-469D-BA96-2D90D6A2BC9F}.Release|Any CPU.Build.0 = Release|Any CPU
		{A61E6FD3-9DB0-463A-9BD0-DC8E78FC8B52}.Debug|Any CPU.ActiveCfg = Debug|Any CPU
		{A61E6FD3-9DB0-463A-9BD0-DC8E78FC8B52}.Debug|Any CPU.Build.0 = Debug|Any CPU
		{A61E6FD3-9DB0-463A-9BD0-DC8E78FC8B52}.Release|Any CPU.ActiveCfg = Release|Any CPU
		{A61E6FD3-9DB0-463A-9BD0-DC8E78FC8B52}.Release|Any CPU.Build.0 = Release|Any CPU
		{8D886BF0-D4DC-4AF2-8503-943847309B64}.Debug|Any CPU.ActiveCfg = Debug|Any CPU
		{8D886BF0-D4DC-4AF2-8503-943847309B64}.Debug|Any CPU.Build.0 = Debug|Any CPU
		{8D886BF0-D4DC-4AF2-8503-943847309B64}.Release|Any CPU.ActiveCfg = Release|Any CPU
		{8D886BF0-D4DC-4AF2-8503-943847309B64}.Release|Any CPU.Build.0 = Release|Any CPU
		{113A71E6-1865-426C-A3B4-8810C6636CEB}.Debug|Any CPU.ActiveCfg = Debug|Any CPU
		{113A71E6-1865-426C-A3B4-8810C6636CEB}.Debug|Any CPU.Build.0 = Debug|Any CPU
		{113A71E6-1865-426C-A3B4-8810C6636CEB}.Release|Any CPU.ActiveCfg = Release|Any CPU
		{113A71E6-1865-426C-A3B4-8810C6636CEB}.Release|Any CPU.Build.0 = Release|Any CPU
		{B8D6D617-EE24-4B29-BBBD-6C11C094CB49}.Debug|Any CPU.ActiveCfg = Debug|Any CPU
		{B8D6D617-EE24-4B29-BBBD-6C11C094CB49}.Debug|Any CPU.Build.0 = Debug|Any CPU
		{B8D6D617-EE24-4B29-BBBD-6C11C094CB49}.Release|Any CPU.ActiveCfg = Release|Any CPU
		{B8D6D617-EE24-4B29-BBBD-6C11C094CB49}.Release|Any CPU.Build.0 = Release|Any CPU
		{5F0644C3-2297-4410-8AB8-3530C90494C3}.Debug|Any CPU.ActiveCfg = Debug|Any CPU
		{5F0644C3-2297-4410-8AB8-3530C90494C3}.Debug|Any CPU.Build.0 = Debug|Any CPU
		{5F0644C3-2297-4410-8AB8-3530C90494C3}.Release|Any CPU.ActiveCfg = Release|Any CPU
		{5F0644C3-2297-4410-8AB8-3530C90494C3}.Release|Any CPU.Build.0 = Release|Any CPU
		{31E6418B-C2B6-4142-9044-EBE53BAABFB5}.Debug|Any CPU.ActiveCfg = Debug|Any CPU
		{31E6418B-C2B6-4142-9044-EBE53BAABFB5}.Debug|Any CPU.Build.0 = Debug|Any CPU
		{31E6418B-C2B6-4142-9044-EBE53BAABFB5}.Release|Any CPU.ActiveCfg = Release|Any CPU
		{31E6418B-C2B6-4142-9044-EBE53BAABFB5}.Release|Any CPU.Build.0 = Release|Any CPU
		{9F532DC3-65D8-42FA-ADC6-71B5EE46FA52}.Debug|Any CPU.ActiveCfg = Debug|Any CPU
		{9F532DC3-65D8-42FA-ADC6-71B5EE46FA52}.Debug|Any CPU.Build.0 = Debug|Any CPU
		{9F532DC3-65D8-42FA-ADC6-71B5EE46FA52}.Release|Any CPU.ActiveCfg = Release|Any CPU
		{9F532DC3-65D8-42FA-ADC6-71B5EE46FA52}.Release|Any CPU.Build.0 = Release|Any CPU
		{889B9706-C7D4-443B-B007-885F8504B56E}.Debug|Any CPU.ActiveCfg = Debug|Any CPU
		{889B9706-C7D4-443B-B007-885F8504B56E}.Debug|Any CPU.Build.0 = Debug|Any CPU
		{889B9706-C7D4-443B-B007-885F8504B56E}.Release|Any CPU.ActiveCfg = Release|Any CPU
		{889B9706-C7D4-443B-B007-885F8504B56E}.Release|Any CPU.Build.0 = Release|Any CPU
		{26A15779-600A-4722-A77A-258F406B3F49}.Debug|Any CPU.ActiveCfg = Debug|Any CPU
		{26A15779-600A-4722-A77A-258F406B3F49}.Debug|Any CPU.Build.0 = Debug|Any CPU
		{26A15779-600A-4722-A77A-258F406B3F49}.Release|Any CPU.ActiveCfg = Release|Any CPU
		{26A15779-600A-4722-A77A-258F406B3F49}.Release|Any CPU.Build.0 = Release|Any CPU
		{FF9A4EAF-82F7-4099-8E7D-C3CEFA0338C2}.Debug|Any CPU.ActiveCfg = Debug|Any CPU
		{FF9A4EAF-82F7-4099-8E7D-C3CEFA0338C2}.Debug|Any CPU.Build.0 = Debug|Any CPU
		{FF9A4EAF-82F7-4099-8E7D-C3CEFA0338C2}.Release|Any CPU.ActiveCfg = Release|Any CPU
		{FF9A4EAF-82F7-4099-8E7D-C3CEFA0338C2}.Release|Any CPU.Build.0 = Release|Any CPU
		{C6D75749-7E37-4D23-BA6E-7F1DF3A2C4DE}.Debug|Any CPU.ActiveCfg = Debug|Any CPU
		{C6D75749-7E37-4D23-BA6E-7F1DF3A2C4DE}.Debug|Any CPU.Build.0 = Debug|Any CPU
		{C6D75749-7E37-4D23-BA6E-7F1DF3A2C4DE}.Release|Any CPU.ActiveCfg = Release|Any CPU
		{C6D75749-7E37-4D23-BA6E-7F1DF3A2C4DE}.Release|Any CPU.Build.0 = Release|Any CPU
		{EE1AEB2F-69EF-4C81-9BB4-ECAE7E76B90F}.Debug|Any CPU.ActiveCfg = Debug|Any CPU
		{EE1AEB2F-69EF-4C81-9BB4-ECAE7E76B90F}.Debug|Any CPU.Build.0 = Debug|Any CPU
		{EE1AEB2F-69EF-4C81-9BB4-ECAE7E76B90F}.Release|Any CPU.ActiveCfg = Release|Any CPU
		{EE1AEB2F-69EF-4C81-9BB4-ECAE7E76B90F}.Release|Any CPU.Build.0 = Release|Any CPU
		{A3D0BA40-7B39-4D65-B044-E7286531F333}.Debug|Any CPU.ActiveCfg = Debug|Any CPU
		{A3D0BA40-7B39-4D65-B044-E7286531F333}.Debug|Any CPU.Build.0 = Debug|Any CPU
		{A3D0BA40-7B39-4D65-B044-E7286531F333}.Release|Any CPU.ActiveCfg = Release|Any CPU
		{A3D0BA40-7B39-4D65-B044-E7286531F333}.Release|Any CPU.Build.0 = Release|Any CPU
		{8E36099C-D9A8-4D56-B53F-1A5ADAF60464}.Debug|Any CPU.ActiveCfg = Debug|Any CPU
		{8E36099C-D9A8-4D56-B53F-1A5ADAF60464}.Debug|Any CPU.Build.0 = Debug|Any CPU
		{8E36099C-D9A8-4D56-B53F-1A5ADAF60464}.Release|Any CPU.ActiveCfg = Release|Any CPU
		{8E36099C-D9A8-4D56-B53F-1A5ADAF60464}.Release|Any CPU.Build.0 = Release|Any CPU
		{E8A3BDEB-5C56-4E72-AE9D-EB9EA88F6353}.Debug|Any CPU.ActiveCfg = Debug|Any CPU
		{E8A3BDEB-5C56-4E72-AE9D-EB9EA88F6353}.Debug|Any CPU.Build.0 = Debug|Any CPU
		{E8A3BDEB-5C56-4E72-AE9D-EB9EA88F6353}.Release|Any CPU.ActiveCfg = Release|Any CPU
		{E8A3BDEB-5C56-4E72-AE9D-EB9EA88F6353}.Release|Any CPU.Build.0 = Release|Any CPU
	EndGlobalSection
	GlobalSection(SolutionProperties) = preSolution
		HideSolutionNode = FALSE
	EndGlobalSection
	GlobalSection(NestedProjects) = preSolution
		{B8D6D617-EE24-4B29-BBBD-6C11C094CB49} = {B5E345D9-AF73-4140-8C58-CDFB89311AA5}
		{5F0644C3-2297-4410-8AB8-3530C90494C3} = {B5E345D9-AF73-4140-8C58-CDFB89311AA5}
	EndGlobalSection
	GlobalSection(ExtensibilityGlobals) = postSolution
		SolutionGuid = {6A724264-5403-4E81-BAE9-B0B221ED9273}
	EndGlobalSection
EndGlobal
