
Microsoft Visual Studio Solution File, Format Version 12.00
# Visual Studio 15
VisualStudioVersion = 15.0.28307.489
MinimumVisualStudioVersion = 10.0.40219.1
Project("{9A19103F-16F7-4668-BE54-9A1E7A4F7556}") = "TaylorBot.Net.StatsTracker.Program", "TaylorBot.Net.StatsTracker.Program\TaylorBot.Net.StatsTracker.Program.csproj", "{E65B58D5-553F-46D6-9A61-4BF0426B6408}"
EndProject
Project("{2150E333-8FDC-42A3-9474-1A3956D46DE8}") = "Solution Items", "Solution Items", "{4E481442-3F3A-476E-83EA-42BA881FBC09}"
	ProjectSection(SolutionItems) = preProject
		.editorconfig = .editorconfig
		.gitignore = .gitignore
	EndProjectSection
EndProject
Project("{9A19103F-16F7-4668-BE54-9A1E7A4F7556}") = "TaylorBot.Net.MinutesTracker.Domain", "TaylorBot.Net.MinutesTracker.Domain\TaylorBot.Net.MinutesTracker.Domain.csproj", "{61B0CA21-282E-4610-AAE9-2E42176D8968}"
EndProject
Project("{9A19103F-16F7-4668-BE54-9A1E7A4F7556}") = "TaylorBot.Net.MinutesTracker.Infrastructure", "TaylorBot.Net.MinutesTracker.Infrastructure\TaylorBot.Net.MinutesTracker.Infrastructure.csproj", "{6CDCEF65-B1D6-42E2-8A95-3B31ADAA3ED7}"
EndProject
Project("{9A19103F-16F7-4668-BE54-9A1E7A4F7556}") = "TaylorBot.Net.Core.Infrastructure", "TaylorBot.Net.Core.Infrastructure\TaylorBot.Net.Core.Infrastructure.csproj", "{B943A2A7-D758-43E5-8F91-0DE3C52F1164}"
EndProject
Project("{9A19103F-16F7-4668-BE54-9A1E7A4F7556}") = "TaylorBot.Net.Core", "TaylorBot.Net.Core\TaylorBot.Net.Core.csproj", "{C14A9CD2-4014-4CE7-8BB1-B363A239F7EC}"
EndProject
Project("{9A19103F-16F7-4668-BE54-9A1E7A4F7556}") = "TaylorBot.Net.Core.Program", "TaylorBot.Net.Core.Program\TaylorBot.Net.Core.Program.csproj", "{11A8832B-7A00-442E-B1AB-6C26DB444719}"
EndProject
Project("{9A19103F-16F7-4668-BE54-9A1E7A4F7556}") = "TaylorBot.Net.MessagesTracker.Infrastructure", "TaylorBot.Net.MessagesTracker.Infrastructure\TaylorBot.Net.MessagesTracker.Infrastructure.csproj", "{B3B02CAF-AFD3-424A-80F3-3216DDDE492A}"
EndProject
Project("{9A19103F-16F7-4668-BE54-9A1E7A4F7556}") = "TaylorBot.Net.MessagesTracker.Domain", "TaylorBot.Net.MessagesTracker.Domain\TaylorBot.Net.MessagesTracker.Domain.csproj", "{B97FF3D6-FD38-485C-AE6B-E433784947FB}"
EndProject
Global
	GlobalSection(SolutionConfigurationPlatforms) = preSolution
		Debug|Any CPU = Debug|Any CPU
		Release|Any CPU = Release|Any CPU
	EndGlobalSection
	GlobalSection(ProjectConfigurationPlatforms) = postSolution
		{E65B58D5-553F-46D6-9A61-4BF0426B6408}.Debug|Any CPU.ActiveCfg = Debug|Any CPU
		{E65B58D5-553F-46D6-9A61-4BF0426B6408}.Debug|Any CPU.Build.0 = Debug|Any CPU
		{E65B58D5-553F-46D6-9A61-4BF0426B6408}.Release|Any CPU.ActiveCfg = Release|Any CPU
		{E65B58D5-553F-46D6-9A61-4BF0426B6408}.Release|Any CPU.Build.0 = Release|Any CPU
		{61B0CA21-282E-4610-AAE9-2E42176D8968}.Debug|Any CPU.ActiveCfg = Debug|Any CPU
		{61B0CA21-282E-4610-AAE9-2E42176D8968}.Debug|Any CPU.Build.0 = Debug|Any CPU
		{61B0CA21-282E-4610-AAE9-2E42176D8968}.Release|Any CPU.ActiveCfg = Release|Any CPU
		{61B0CA21-282E-4610-AAE9-2E42176D8968}.Release|Any CPU.Build.0 = Release|Any CPU
		{6CDCEF65-B1D6-42E2-8A95-3B31ADAA3ED7}.Debug|Any CPU.ActiveCfg = Debug|Any CPU
		{6CDCEF65-B1D6-42E2-8A95-3B31ADAA3ED7}.Debug|Any CPU.Build.0 = Debug|Any CPU
		{6CDCEF65-B1D6-42E2-8A95-3B31ADAA3ED7}.Release|Any CPU.ActiveCfg = Release|Any CPU
		{6CDCEF65-B1D6-42E2-8A95-3B31ADAA3ED7}.Release|Any CPU.Build.0 = Release|Any CPU
		{B943A2A7-D758-43E5-8F91-0DE3C52F1164}.Debug|Any CPU.ActiveCfg = Debug|Any CPU
		{B943A2A7-D758-43E5-8F91-0DE3C52F1164}.Debug|Any CPU.Build.0 = Debug|Any CPU
		{B943A2A7-D758-43E5-8F91-0DE3C52F1164}.Release|Any CPU.ActiveCfg = Release|Any CPU
		{B943A2A7-D758-43E5-8F91-0DE3C52F1164}.Release|Any CPU.Build.0 = Release|Any CPU
		{C14A9CD2-4014-4CE7-8BB1-B363A239F7EC}.Debug|Any CPU.ActiveCfg = Debug|Any CPU
		{C14A9CD2-4014-4CE7-8BB1-B363A239F7EC}.Debug|Any CPU.Build.0 = Debug|Any CPU
		{C14A9CD2-4014-4CE7-8BB1-B363A239F7EC}.Release|Any CPU.ActiveCfg = Release|Any CPU
		{C14A9CD2-4014-4CE7-8BB1-B363A239F7EC}.Release|Any CPU.Build.0 = Release|Any CPU
		{11A8832B-7A00-442E-B1AB-6C26DB444719}.Debug|Any CPU.ActiveCfg = Debug|Any CPU
		{11A8832B-7A00-442E-B1AB-6C26DB444719}.Debug|Any CPU.Build.0 = Debug|Any CPU
		{11A8832B-7A00-442E-B1AB-6C26DB444719}.Release|Any CPU.ActiveCfg = Release|Any CPU
		{11A8832B-7A00-442E-B1AB-6C26DB444719}.Release|Any CPU.Build.0 = Release|Any CPU
		{B3B02CAF-AFD3-424A-80F3-3216DDDE492A}.Debug|Any CPU.ActiveCfg = Debug|Any CPU
		{B3B02CAF-AFD3-424A-80F3-3216DDDE492A}.Debug|Any CPU.Build.0 = Debug|Any CPU
		{B3B02CAF-AFD3-424A-80F3-3216DDDE492A}.Release|Any CPU.ActiveCfg = Release|Any CPU
		{B3B02CAF-AFD3-424A-80F3-3216DDDE492A}.Release|Any CPU.Build.0 = Release|Any CPU
		{B97FF3D6-FD38-485C-AE6B-E433784947FB}.Debug|Any CPU.ActiveCfg = Debug|Any CPU
		{B97FF3D6-FD38-485C-AE6B-E433784947FB}.Debug|Any CPU.Build.0 = Debug|Any CPU
		{B97FF3D6-FD38-485C-AE6B-E433784947FB}.Release|Any CPU.ActiveCfg = Release|Any CPU
		{B97FF3D6-FD38-485C-AE6B-E433784947FB}.Release|Any CPU.Build.0 = Release|Any CPU
	EndGlobalSection
	GlobalSection(SolutionProperties) = preSolution
		HideSolutionNode = FALSE
	EndGlobalSection
	GlobalSection(ExtensibilityGlobals) = postSolution
		SolutionGuid = {F29E2F1D-2D5F-4859-894A-D90C262DB2E5}
	EndGlobalSection
EndGlobal
