
Microsoft Visual Studio Solution File, Format Version 12.00
# Visual Studio Version 16
VisualStudioVersion = 16.0.29009.5
MinimumVisualStudioVersion = 10.0.40219.1
Project("{9A19103F-16F7-4668-BE54-9A1E7A4F7556}") = "TaylorBot.Net.PostNotifier.Program", "Program.PostNotifier\src\TaylorBot.Net.PostNotifier.Program\TaylorBot.Net.PostNotifier.Program.csproj", "{049280F5-EC68-4045-944F-021E04ED98A4}"
EndProject
Project("{9A19103F-16F7-4668-BE54-9A1E7A4F7556}") = "TaylorBot.Net.Core", "Core\src\TaylorBot.Net.Core\TaylorBot.Net.Core.csproj", "{CA083279-6679-4EE9-A9D3-B76F792CC59C}"
EndProject
Project("{9A19103F-16F7-4668-BE54-9A1E7A4F7556}") = "TaylorBot.Net.Core.Program", "Core\src\TaylorBot.Net.Core.Program\TaylorBot.Net.Core.Program.csproj", "{112D99D4-47A2-401C-9497-0D8802CFC48F}"
EndProject
Project("{2150E333-8FDC-42A3-9474-1A3956D46DE8}") = "Solution Items", "Solution Items", "{FD1FCC48-A1A3-4950-9E32-36B6C914B718}"
	ProjectSection(SolutionItems) = preProject
		.editorconfig = .editorconfig
		.gitignore = .gitignore
	EndProjectSection
EndProject
Project("{9A19103F-16F7-4668-BE54-9A1E7A4F7556}") = "TaylorBot.Net.RedditNotifier.Domain", "Program.PostNotifier\src\TaylorBot.Net.RedditNotifier.Domain\TaylorBot.Net.RedditNotifier.Domain.csproj", "{FDB8BBF4-9614-44BB-9B83-EF9932645D55}"
EndProject
Project("{9A19103F-16F7-4668-BE54-9A1E7A4F7556}") = "TaylorBot.Net.RedditNotifier.Infrastructure", "Program.PostNotifier\src\TaylorBot.Net.RedditNotifier.Infrastructure\TaylorBot.Net.RedditNotifier.Infrastructure.csproj", "{B89AD3E5-0EE8-4372-A2C8-B3F980E3BCE3}"
EndProject
Project("{9A19103F-16F7-4668-BE54-9A1E7A4F7556}") = "TaylorBot.Net.Core.Infrastructure", "Core\src\TaylorBot.Net.Core.Infrastructure\TaylorBot.Net.Core.Infrastructure.csproj", "{555C2C9A-58A0-47EC-9317-6638B7B4F99F}"
EndProject
Project("{9A19103F-16F7-4668-BE54-9A1E7A4F7556}") = "TaylorBot.Net.YoutubeNotifier.Domain", "Program.PostNotifier\src\TaylorBot.Net.YoutubeNotifier.Domain\TaylorBot.Net.YoutubeNotifier.Domain.csproj", "{F1D25B0F-D387-479B-BF94-BE05D90614C3}"
EndProject
Project("{9A19103F-16F7-4668-BE54-9A1E7A4F7556}") = "TaylorBot.Net.YoutubeNotifier.Infrastructure", "Program.PostNotifier\src\TaylorBot.Net.YoutubeNotifier.Infrastructure\TaylorBot.Net.YoutubeNotifier.Infrastructure.csproj", "{1DE67E34-2D8A-480F-9D5D-4723B50A4BC0}"
EndProject
Project("{9A19103F-16F7-4668-BE54-9A1E7A4F7556}") = "TaylorBot.Net.TumblrNotifier.Domain", "Program.PostNotifier\src\TaylorBot.Net.TumblrNotifier.Domain\TaylorBot.Net.TumblrNotifier.Domain.csproj", "{F22192B8-CA7D-4B61-BDDA-81854A31677F}"
EndProject
Project("{9A19103F-16F7-4668-BE54-9A1E7A4F7556}") = "TaylorBot.Net.TumblrNotifier.Infrastructure", "Program.PostNotifier\src\TaylorBot.Net.TumblrNotifier.Infrastructure\TaylorBot.Net.TumblrNotifier.Infrastructure.csproj", "{0B93C11F-B5E6-4430-99CE-E999715D9BF7}"
EndProject
Project("{9A19103F-16F7-4668-BE54-9A1E7A4F7556}") = "TaylorBot.Net.InstagramNotifier.Domain", "Program.PostNotifier\src\TaylorBot.Net.InstagramNotifier.Domain\TaylorBot.Net.InstagramNotifier.Domain.csproj", "{BC7F4684-8A70-404A-BA36-B2D77966DC5F}"
EndProject
Project("{9A19103F-16F7-4668-BE54-9A1E7A4F7556}") = "TaylorBot.Net.InstagramNotifier.Infrastructure", "Program.PostNotifier\src\TaylorBot.Net.InstagramNotifier.Infrastructure\TaylorBot.Net.InstagramNotifier.Infrastructure.csproj", "{A0904D66-3631-4059-B58D-4D3D6A9546B1}"
EndProject
Project("{2150E333-8FDC-42A3-9474-1A3956D46DE8}") = "Tests", "Tests", "{CC64CF1B-0B8A-4807-B9FC-E62728483889}"
EndProject
Project("{9A19103F-16F7-4668-BE54-9A1E7A4F7556}") = "TaylorBot.Net.InstagramNotifier.Domain.Tests", "Program.PostNotifier\test\TaylorBot.Net.InstagramNotifier.Domain.Tests\TaylorBot.Net.InstagramNotifier.Domain.Tests.csproj", "{EE4027B3-2510-4E12-A34B-1780EAEA94DE}"
EndProject
Global
	GlobalSection(SolutionConfigurationPlatforms) = preSolution
		Debug|Any CPU = Debug|Any CPU
		Release|Any CPU = Release|Any CPU
	EndGlobalSection
	GlobalSection(ProjectConfigurationPlatforms) = postSolution
		{049280F5-EC68-4045-944F-021E04ED98A4}.Debug|Any CPU.ActiveCfg = Debug|Any CPU
		{049280F5-EC68-4045-944F-021E04ED98A4}.Debug|Any CPU.Build.0 = Debug|Any CPU
		{049280F5-EC68-4045-944F-021E04ED98A4}.Release|Any CPU.ActiveCfg = Release|Any CPU
		{049280F5-EC68-4045-944F-021E04ED98A4}.Release|Any CPU.Build.0 = Release|Any CPU
		{CA083279-6679-4EE9-A9D3-B76F792CC59C}.Debug|Any CPU.ActiveCfg = Debug|Any CPU
		{CA083279-6679-4EE9-A9D3-B76F792CC59C}.Debug|Any CPU.Build.0 = Debug|Any CPU
		{CA083279-6679-4EE9-A9D3-B76F792CC59C}.Release|Any CPU.ActiveCfg = Release|Any CPU
		{CA083279-6679-4EE9-A9D3-B76F792CC59C}.Release|Any CPU.Build.0 = Release|Any CPU
		{112D99D4-47A2-401C-9497-0D8802CFC48F}.Debug|Any CPU.ActiveCfg = Debug|Any CPU
		{112D99D4-47A2-401C-9497-0D8802CFC48F}.Debug|Any CPU.Build.0 = Debug|Any CPU
		{112D99D4-47A2-401C-9497-0D8802CFC48F}.Release|Any CPU.ActiveCfg = Release|Any CPU
		{112D99D4-47A2-401C-9497-0D8802CFC48F}.Release|Any CPU.Build.0 = Release|Any CPU
		{FDB8BBF4-9614-44BB-9B83-EF9932645D55}.Debug|Any CPU.ActiveCfg = Debug|Any CPU
		{FDB8BBF4-9614-44BB-9B83-EF9932645D55}.Debug|Any CPU.Build.0 = Debug|Any CPU
		{FDB8BBF4-9614-44BB-9B83-EF9932645D55}.Release|Any CPU.ActiveCfg = Release|Any CPU
		{FDB8BBF4-9614-44BB-9B83-EF9932645D55}.Release|Any CPU.Build.0 = Release|Any CPU
		{B89AD3E5-0EE8-4372-A2C8-B3F980E3BCE3}.Debug|Any CPU.ActiveCfg = Debug|Any CPU
		{B89AD3E5-0EE8-4372-A2C8-B3F980E3BCE3}.Debug|Any CPU.Build.0 = Debug|Any CPU
		{B89AD3E5-0EE8-4372-A2C8-B3F980E3BCE3}.Release|Any CPU.ActiveCfg = Release|Any CPU
		{B89AD3E5-0EE8-4372-A2C8-B3F980E3BCE3}.Release|Any CPU.Build.0 = Release|Any CPU
		{555C2C9A-58A0-47EC-9317-6638B7B4F99F}.Debug|Any CPU.ActiveCfg = Debug|Any CPU
		{555C2C9A-58A0-47EC-9317-6638B7B4F99F}.Debug|Any CPU.Build.0 = Debug|Any CPU
		{555C2C9A-58A0-47EC-9317-6638B7B4F99F}.Release|Any CPU.ActiveCfg = Release|Any CPU
		{555C2C9A-58A0-47EC-9317-6638B7B4F99F}.Release|Any CPU.Build.0 = Release|Any CPU
		{F1D25B0F-D387-479B-BF94-BE05D90614C3}.Debug|Any CPU.ActiveCfg = Debug|Any CPU
		{F1D25B0F-D387-479B-BF94-BE05D90614C3}.Debug|Any CPU.Build.0 = Debug|Any CPU
		{F1D25B0F-D387-479B-BF94-BE05D90614C3}.Release|Any CPU.ActiveCfg = Release|Any CPU
		{F1D25B0F-D387-479B-BF94-BE05D90614C3}.Release|Any CPU.Build.0 = Release|Any CPU
		{1DE67E34-2D8A-480F-9D5D-4723B50A4BC0}.Debug|Any CPU.ActiveCfg = Debug|Any CPU
		{1DE67E34-2D8A-480F-9D5D-4723B50A4BC0}.Debug|Any CPU.Build.0 = Debug|Any CPU
		{1DE67E34-2D8A-480F-9D5D-4723B50A4BC0}.Release|Any CPU.ActiveCfg = Release|Any CPU
		{1DE67E34-2D8A-480F-9D5D-4723B50A4BC0}.Release|Any CPU.Build.0 = Release|Any CPU
		{F22192B8-CA7D-4B61-BDDA-81854A31677F}.Debug|Any CPU.ActiveCfg = Debug|Any CPU
		{F22192B8-CA7D-4B61-BDDA-81854A31677F}.Debug|Any CPU.Build.0 = Debug|Any CPU
		{F22192B8-CA7D-4B61-BDDA-81854A31677F}.Release|Any CPU.ActiveCfg = Release|Any CPU
		{F22192B8-CA7D-4B61-BDDA-81854A31677F}.Release|Any CPU.Build.0 = Release|Any CPU
		{0B93C11F-B5E6-4430-99CE-E999715D9BF7}.Debug|Any CPU.ActiveCfg = Debug|Any CPU
		{0B93C11F-B5E6-4430-99CE-E999715D9BF7}.Debug|Any CPU.Build.0 = Debug|Any CPU
		{0B93C11F-B5E6-4430-99CE-E999715D9BF7}.Release|Any CPU.ActiveCfg = Release|Any CPU
		{0B93C11F-B5E6-4430-99CE-E999715D9BF7}.Release|Any CPU.Build.0 = Release|Any CPU
		{BC7F4684-8A70-404A-BA36-B2D77966DC5F}.Debug|Any CPU.ActiveCfg = Debug|Any CPU
		{BC7F4684-8A70-404A-BA36-B2D77966DC5F}.Debug|Any CPU.Build.0 = Debug|Any CPU
		{BC7F4684-8A70-404A-BA36-B2D77966DC5F}.Release|Any CPU.ActiveCfg = Release|Any CPU
		{BC7F4684-8A70-404A-BA36-B2D77966DC5F}.Release|Any CPU.Build.0 = Release|Any CPU
		{A0904D66-3631-4059-B58D-4D3D6A9546B1}.Debug|Any CPU.ActiveCfg = Debug|Any CPU
		{A0904D66-3631-4059-B58D-4D3D6A9546B1}.Debug|Any CPU.Build.0 = Debug|Any CPU
		{A0904D66-3631-4059-B58D-4D3D6A9546B1}.Release|Any CPU.ActiveCfg = Release|Any CPU
		{A0904D66-3631-4059-B58D-4D3D6A9546B1}.Release|Any CPU.Build.0 = Release|Any CPU
		{EE4027B3-2510-4E12-A34B-1780EAEA94DE}.Debug|Any CPU.ActiveCfg = Debug|Any CPU
		{EE4027B3-2510-4E12-A34B-1780EAEA94DE}.Debug|Any CPU.Build.0 = Debug|Any CPU
		{EE4027B3-2510-4E12-A34B-1780EAEA94DE}.Release|Any CPU.ActiveCfg = Release|Any CPU
		{EE4027B3-2510-4E12-A34B-1780EAEA94DE}.Release|Any CPU.Build.0 = Release|Any CPU
	EndGlobalSection
	GlobalSection(SolutionProperties) = preSolution
		HideSolutionNode = FALSE
	EndGlobalSection
	GlobalSection(NestedProjects) = preSolution
		{EE4027B3-2510-4E12-A34B-1780EAEA94DE} = {CC64CF1B-0B8A-4807-B9FC-E62728483889}
	EndGlobalSection
	GlobalSection(ExtensibilityGlobals) = postSolution
		SolutionGuid = {8485ED94-528D-434A-A088-9B23D83EF050}
	EndGlobalSection
EndGlobal
