
Microsoft Visual Studio Solution File, Format Version 12.00
# Visual Studio Version 16
VisualStudioVersion = 16.0.29009.5
MinimumVisualStudioVersion = 10.0.40219.1
Project("{9A19103F-16F7-4668-BE54-9A1E7A4F7556}") = "TaylorBot.Net.Core.Program", "Core\src\TaylorBot.Net.Core.Program\TaylorBot.Net.Core.Program.csproj", "{9315035E-B605-4687-AA54-82142195CE7B}"
EndProject
Project("{2150E333-8FDC-42A3-9474-1A3956D46DE8}") = "Solution Items", "Solution Items", "{6FD7BAE2-F8D9-4AB4-91FD-AA2C07E78CEB}"
	ProjectSection(SolutionItems) = preProject
		.editorconfig = .editorconfig
		.gitignore = .gitignore
	EndProjectSection
EndProject
Project("{9A19103F-16F7-4668-BE54-9A1E7A4F7556}") = "TaylorBot.Net.Core", "Core\src\TaylorBot.Net.Core\TaylorBot.Net.Core.csproj", "{7124FE78-4373-4275-9576-83791414C75C}"
EndProject
Project("{9A19103F-16F7-4668-BE54-9A1E7A4F7556}") = "TaylorBot.Net.Core.Infrastructure", "Core\src\TaylorBot.Net.Core.Infrastructure\TaylorBot.Net.Core.Infrastructure.csproj", "{C70EFA7A-E395-4C3F-BB8A-60741064CE47}"
EndProject
Project("{9A19103F-16F7-4668-BE54-9A1E7A4F7556}") = "TaylorBot.Net.Commands", "Core\src\TaylorBot.Net.Commands\TaylorBot.Net.Commands.csproj", "{E1193C5C-3EDA-4341-8CFE-BB4DDB000D47}"
EndProject
Project("{9A19103F-16F7-4668-BE54-9A1E7A4F7556}") = "TaylorBot.Net.Commands.Discord.Program", "Program.Commands.Discord\src\TaylorBot.Net.Commands.Discord.Program\TaylorBot.Net.Commands.Discord.Program.csproj", "{B2C1F637-6524-42FB-9BBC-59F4EAD55EB7}"
EndProject
Project("{9A19103F-16F7-4668-BE54-9A1E7A4F7556}") = "TaylorBot.Net.Commands.Infrastructure", "Core\src\TaylorBot.Net.Commands.Infrastructure\TaylorBot.Net.Commands.Infrastructure.csproj", "{B29570E0-52A4-4164-98EC-206BB307CEBD}"
EndProject
Project("{9A19103F-16F7-4668-BE54-9A1E7A4F7556}") = "TaylorBot.Net.EntityTracker.Domain", "Core\src\TaylorBot.Net.EntityTracker.Domain\TaylorBot.Net.EntityTracker.Domain.csproj", "{D7D018FC-6C30-4EFA-90A9-4F38A2CECAAF}"
EndProject
Project("{9A19103F-16F7-4668-BE54-9A1E7A4F7556}") = "TaylorBot.Net.EntityTracker.Infrastructure", "Core\src\TaylorBot.Net.EntityTracker.Infrastructure\TaylorBot.Net.EntityTracker.Infrastructure.csproj", "{4F87C73B-716F-4C2E-AB93-E3E1B8A0433B}"
EndProject
Project("{2150E333-8FDC-42A3-9474-1A3956D46DE8}") = "Tests", "Tests", "{08C3333B-E2AC-435E-A36C-66591EC32EE1}"
EndProject
Project("{9A19103F-16F7-4668-BE54-9A1E7A4F7556}") = "TaylorBot.Net.Commands.Discord.Program.Tests", "Program.Commands.Discord\test\TaylorBot.Net.Commands.Discord.Program.Tests\TaylorBot.Net.Commands.Discord.Program.Tests.csproj", "{358808D2-C814-492A-A445-7235FF9F2590}"
EndProject
Project("{9A19103F-16F7-4668-BE54-9A1E7A4F7556}") = "TaylorBot.Net.Commands.Tests", "Core\test\TaylorBot.Net.Commands.Tests\TaylorBot.Net.Commands.Tests.csproj", "{4219C46F-5273-4D9D-A8DE-704D88C301F2}"
EndProject
Project("{9A19103F-16F7-4668-BE54-9A1E7A4F7556}") = "TaylorBot.Net.Core.Tests", "Core\test\TaylorBot.Net.Core.Tests\TaylorBot.Net.Core.Tests.csproj", "{0A913010-3966-4EE1-9D5B-370619C3F724}"
EndProject
Global
	GlobalSection(SolutionConfigurationPlatforms) = preSolution
		Debug|Any CPU = Debug|Any CPU
		Release|Any CPU = Release|Any CPU
	EndGlobalSection
	GlobalSection(ProjectConfigurationPlatforms) = postSolution
		{9315035E-B605-4687-AA54-82142195CE7B}.Debug|Any CPU.ActiveCfg = Debug|Any CPU
		{9315035E-B605-4687-AA54-82142195CE7B}.Debug|Any CPU.Build.0 = Debug|Any CPU
		{9315035E-B605-4687-AA54-82142195CE7B}.Release|Any CPU.ActiveCfg = Release|Any CPU
		{9315035E-B605-4687-AA54-82142195CE7B}.Release|Any CPU.Build.0 = Release|Any CPU
		{7124FE78-4373-4275-9576-83791414C75C}.Debug|Any CPU.ActiveCfg = Debug|Any CPU
		{7124FE78-4373-4275-9576-83791414C75C}.Debug|Any CPU.Build.0 = Debug|Any CPU
		{7124FE78-4373-4275-9576-83791414C75C}.Release|Any CPU.ActiveCfg = Release|Any CPU
		{7124FE78-4373-4275-9576-83791414C75C}.Release|Any CPU.Build.0 = Release|Any CPU
		{C70EFA7A-E395-4C3F-BB8A-60741064CE47}.Debug|Any CPU.ActiveCfg = Debug|Any CPU
		{C70EFA7A-E395-4C3F-BB8A-60741064CE47}.Debug|Any CPU.Build.0 = Debug|Any CPU
		{C70EFA7A-E395-4C3F-BB8A-60741064CE47}.Release|Any CPU.ActiveCfg = Release|Any CPU
		{C70EFA7A-E395-4C3F-BB8A-60741064CE47}.Release|Any CPU.Build.0 = Release|Any CPU
		{E1193C5C-3EDA-4341-8CFE-BB4DDB000D47}.Debug|Any CPU.ActiveCfg = Debug|Any CPU
		{E1193C5C-3EDA-4341-8CFE-BB4DDB000D47}.Debug|Any CPU.Build.0 = Debug|Any CPU
		{E1193C5C-3EDA-4341-8CFE-BB4DDB000D47}.Release|Any CPU.ActiveCfg = Release|Any CPU
		{E1193C5C-3EDA-4341-8CFE-BB4DDB000D47}.Release|Any CPU.Build.0 = Release|Any CPU
		{B2C1F637-6524-42FB-9BBC-59F4EAD55EB7}.Debug|Any CPU.ActiveCfg = Debug|Any CPU
		{B2C1F637-6524-42FB-9BBC-59F4EAD55EB7}.Debug|Any CPU.Build.0 = Debug|Any CPU
		{B2C1F637-6524-42FB-9BBC-59F4EAD55EB7}.Release|Any CPU.ActiveCfg = Release|Any CPU
		{B2C1F637-6524-42FB-9BBC-59F4EAD55EB7}.Release|Any CPU.Build.0 = Release|Any CPU
		{B29570E0-52A4-4164-98EC-206BB307CEBD}.Debug|Any CPU.ActiveCfg = Debug|Any CPU
		{B29570E0-52A4-4164-98EC-206BB307CEBD}.Debug|Any CPU.Build.0 = Debug|Any CPU
		{B29570E0-52A4-4164-98EC-206BB307CEBD}.Release|Any CPU.ActiveCfg = Release|Any CPU
		{B29570E0-52A4-4164-98EC-206BB307CEBD}.Release|Any CPU.Build.0 = Release|Any CPU
		{D7D018FC-6C30-4EFA-90A9-4F38A2CECAAF}.Debug|Any CPU.ActiveCfg = Debug|Any CPU
		{D7D018FC-6C30-4EFA-90A9-4F38A2CECAAF}.Debug|Any CPU.Build.0 = Debug|Any CPU
		{D7D018FC-6C30-4EFA-90A9-4F38A2CECAAF}.Release|Any CPU.ActiveCfg = Release|Any CPU
		{D7D018FC-6C30-4EFA-90A9-4F38A2CECAAF}.Release|Any CPU.Build.0 = Release|Any CPU
		{4F87C73B-716F-4C2E-AB93-E3E1B8A0433B}.Debug|Any CPU.ActiveCfg = Debug|Any CPU
		{4F87C73B-716F-4C2E-AB93-E3E1B8A0433B}.Debug|Any CPU.Build.0 = Debug|Any CPU
		{4F87C73B-716F-4C2E-AB93-E3E1B8A0433B}.Release|Any CPU.ActiveCfg = Release|Any CPU
		{4F87C73B-716F-4C2E-AB93-E3E1B8A0433B}.Release|Any CPU.Build.0 = Release|Any CPU
		{358808D2-C814-492A-A445-7235FF9F2590}.Debug|Any CPU.ActiveCfg = Debug|Any CPU
		{358808D2-C814-492A-A445-7235FF9F2590}.Debug|Any CPU.Build.0 = Debug|Any CPU
		{358808D2-C814-492A-A445-7235FF9F2590}.Release|Any CPU.ActiveCfg = Release|Any CPU
		{358808D2-C814-492A-A445-7235FF9F2590}.Release|Any CPU.Build.0 = Release|Any CPU
		{4219C46F-5273-4D9D-A8DE-704D88C301F2}.Debug|Any CPU.ActiveCfg = Debug|Any CPU
		{4219C46F-5273-4D9D-A8DE-704D88C301F2}.Debug|Any CPU.Build.0 = Debug|Any CPU
		{4219C46F-5273-4D9D-A8DE-704D88C301F2}.Release|Any CPU.ActiveCfg = Release|Any CPU
		{4219C46F-5273-4D9D-A8DE-704D88C301F2}.Release|Any CPU.Build.0 = Release|Any CPU
		{0A913010-3966-4EE1-9D5B-370619C3F724}.Debug|Any CPU.ActiveCfg = Debug|Any CPU
		{0A913010-3966-4EE1-9D5B-370619C3F724}.Debug|Any CPU.Build.0 = Debug|Any CPU
		{0A913010-3966-4EE1-9D5B-370619C3F724}.Release|Any CPU.ActiveCfg = Release|Any CPU
		{0A913010-3966-4EE1-9D5B-370619C3F724}.Release|Any CPU.Build.0 = Release|Any CPU
	EndGlobalSection
	GlobalSection(SolutionProperties) = preSolution
		HideSolutionNode = FALSE
	EndGlobalSection
	GlobalSection(NestedProjects) = preSolution
		{358808D2-C814-492A-A445-7235FF9F2590} = {08C3333B-E2AC-435E-A36C-66591EC32EE1}
		{4219C46F-5273-4D9D-A8DE-704D88C301F2} = {08C3333B-E2AC-435E-A36C-66591EC32EE1}
		{0A913010-3966-4EE1-9D5B-370619C3F724} = {08C3333B-E2AC-435E-A36C-66591EC32EE1}
	EndGlobalSection
	GlobalSection(ExtensibilityGlobals) = postSolution
		SolutionGuid = {6A724264-5403-4E81-BAE9-B0B221ED9273}
	EndGlobalSection
EndGlobal
