
Microsoft Visual Studio Solution File, Format Version 12.00
# Visual Studio 15
VisualStudioVersion = 15.0.28307.421
MinimumVisualStudioVersion = 10.0.40219.1
Project("{9A19103F-16F7-4668-BE54-9A1E7A4F7556}") = "TaylorBot.Net.UserNotifier.Program", "TaylorBot.Net.UserNotifier.Program\TaylorBot.Net.UserNotifier.Program.csproj", "{F63C4940-5D7F-49FB-B249-5E5AA7729A90}"
EndProject
Project("{9A19103F-16F7-4668-BE54-9A1E7A4F7556}") = "TaylorBot.Net.Core.Program", "TaylorBot.Net.Core.Program\TaylorBot.Net.Core.Program.csproj", "{9315035E-B605-4687-AA54-82142195CE7B}"
EndProject
Project("{2150E333-8FDC-42A3-9474-1A3956D46DE8}") = "Solution Items", "Solution Items", "{6FD7BAE2-F8D9-4AB4-91FD-AA2C07E78CEB}"
	ProjectSection(SolutionItems) = preProject
		.editorconfig = .editorconfig
		.gitignore = .gitignore
	EndProjectSection
EndProject
Project("{9A19103F-16F7-4668-BE54-9A1E7A4F7556}") = "TaylorBot.Net.Core", "TaylorBot.Net.Core\TaylorBot.Net.Core.csproj", "{7124FE78-4373-4275-9576-83791414C75C}"
EndProject
Project("{9A19103F-16F7-4668-BE54-9A1E7A4F7556}") = "TaylorBot.Net.Core.Infrastructure", "TaylorBot.Net.Core.Infrastructure\TaylorBot.Net.Core.Infrastructure.csproj", "{C70EFA7A-E395-4C3F-BB8A-60741064CE47}"
EndProject
Project("{9A19103F-16F7-4668-BE54-9A1E7A4F7556}") = "TaylorBot.Net.BirthdayReward.Domain", "TaylorBot.Net.BirthdayReward.Domain\TaylorBot.Net.BirthdayReward.Domain.csproj", "{DDB0DF51-2903-46BA-B0D8-210964A99DEE}"
EndProject
Project("{9A19103F-16F7-4668-BE54-9A1E7A4F7556}") = "TaylorBot.Net.BirthdayReward.Infrastructure", "TaylorBot.Net.BirthdayReward.Infrastructure\TaylorBot.Net.BirthdayReward.Infrastructure.csproj", "{2F0CA9FB-F6E5-48C8-8CD0-27EDE0E330B3}"
EndProject
Global
	GlobalSection(SolutionConfigurationPlatforms) = preSolution
		Debug|Any CPU = Debug|Any CPU
		Release|Any CPU = Release|Any CPU
	EndGlobalSection
	GlobalSection(ProjectConfigurationPlatforms) = postSolution
		{F63C4940-5D7F-49FB-B249-5E5AA7729A90}.Debug|Any CPU.ActiveCfg = Debug|Any CPU
		{F63C4940-5D7F-49FB-B249-5E5AA7729A90}.Debug|Any CPU.Build.0 = Debug|Any CPU
		{F63C4940-5D7F-49FB-B249-5E5AA7729A90}.Release|Any CPU.ActiveCfg = Release|Any CPU
		{F63C4940-5D7F-49FB-B249-5E5AA7729A90}.Release|Any CPU.Build.0 = Release|Any CPU
		{9315035E-B605-4687-AA54-82142195CE7B}.Debug|Any CPU.ActiveCfg = Debug|Any CPU
		{9315035E-B605-4687-AA54-82142195CE7B}.Debug|Any CPU.Build.0 = Debug|Any CPU
		{9315035E-B605-4687-AA54-82142195CE7B}.Release|Any CPU.ActiveCfg = Release|Any CPU
		{9315035E-B605-4687-AA54-82142195CE7B}.Release|Any CPU.Build.0 = Release|Any CPU
		{7124FE78-4373-4275-9576-83791414C75C}.Debug|Any CPU.ActiveCfg = Debug|Any CPU
		{7124FE78-4373-4275-9576-83791414C75C}.Debug|Any CPU.Build.0 = Debug|Any CPU
		{7124FE78-4373-4275-9576-83791414C75C}.Release|Any CPU.ActiveCfg = Release|Any CPU
		{7124FE78-4373-4275-9576-83791414C75C}.Release|Any CPU.Build.0 = Release|Any CPU
		{C70EFA7A-E395-4C3F-BB8A-60741064CE47}.Debug|Any CPU.ActiveCfg = Debug|Any CPU
		{C70EFA7A-E395-4C3F-BB8A-60741064CE47}.Debug|Any CPU.Build.0 = Debug|Any CPU
		{C70EFA7A-E395-4C3F-BB8A-60741064CE47}.Release|Any CPU.ActiveCfg = Release|Any CPU
		{C70EFA7A-E395-4C3F-BB8A-60741064CE47}.Release|Any CPU.Build.0 = Release|Any CPU
		{DDB0DF51-2903-46BA-B0D8-210964A99DEE}.Debug|Any CPU.ActiveCfg = Debug|Any CPU
		{DDB0DF51-2903-46BA-B0D8-210964A99DEE}.Debug|Any CPU.Build.0 = Debug|Any CPU
		{DDB0DF51-2903-46BA-B0D8-210964A99DEE}.Release|Any CPU.ActiveCfg = Release|Any CPU
		{DDB0DF51-2903-46BA-B0D8-210964A99DEE}.Release|Any CPU.Build.0 = Release|Any CPU
		{2F0CA9FB-F6E5-48C8-8CD0-27EDE0E330B3}.Debug|Any CPU.ActiveCfg = Debug|Any CPU
		{2F0CA9FB-F6E5-48C8-8CD0-27EDE0E330B3}.Debug|Any CPU.Build.0 = Debug|Any CPU
		{2F0CA9FB-F6E5-48C8-8CD0-27EDE0E330B3}.Release|Any CPU.ActiveCfg = Release|Any CPU
		{2F0CA9FB-F6E5-48C8-8CD0-27EDE0E330B3}.Release|Any CPU.Build.0 = Release|Any CPU
	EndGlobalSection
	GlobalSection(SolutionProperties) = preSolution
		HideSolutionNode = FALSE
	EndGlobalSection
	GlobalSection(ExtensibilityGlobals) = postSolution
		SolutionGuid = {6A724264-5403-4E81-BAE9-B0B221ED9273}
	EndGlobalSection
EndGlobal
