
Microsoft Visual Studio Solution File, Format Version 12.00
# Visual Studio Version 16
VisualStudioVersion = 16.0.29009.5
MinimumVisualStudioVersion = 10.0.40219.1
Project("{9A19103F-16F7-4668-BE54-9A1E7A4F7556}") = "TaylorBot.Net.UserNotifier.Program", "src\TaylorBot.Net.UserNotifier.Program\TaylorBot.Net.UserNotifier.Program.csproj", "{F63C4940-5D7F-49FB-B249-5E5AA7729A90}"
EndProject
Project("{9A19103F-16F7-4668-BE54-9A1E7A4F7556}") = "TaylorBot.Net.Core.Program", "src\TaylorBot.Net.Core.Program\TaylorBot.Net.Core.Program.csproj", "{9315035E-B605-4687-AA54-82142195CE7B}"
EndProject
Project("{2150E333-8FDC-42A3-9474-1A3956D46DE8}") = "Solution Items", "Solution Items", "{6FD7BAE2-F8D9-4AB4-91FD-AA2C07E78CEB}"
	ProjectSection(SolutionItems) = preProject
		.editorconfig = .editorconfig
		.gitignore = .gitignore
	EndProjectSection
EndProject
Project("{9A19103F-16F7-4668-BE54-9A1E7A4F7556}") = "TaylorBot.Net.Core", "src\TaylorBot.Net.Core\TaylorBot.Net.Core.csproj", "{7124FE78-4373-4275-9576-83791414C75C}"
EndProject
Project("{9A19103F-16F7-4668-BE54-9A1E7A4F7556}") = "TaylorBot.Net.Core.Infrastructure", "src\TaylorBot.Net.Core.Infrastructure\TaylorBot.Net.Core.Infrastructure.csproj", "{C70EFA7A-E395-4C3F-BB8A-60741064CE47}"
EndProject
Project("{9A19103F-16F7-4668-BE54-9A1E7A4F7556}") = "TaylorBot.Net.BirthdayReward.Domain", "src\TaylorBot.Net.BirthdayReward.Domain\TaylorBot.Net.BirthdayReward.Domain.csproj", "{DDB0DF51-2903-46BA-B0D8-210964A99DEE}"
EndProject
Project("{9A19103F-16F7-4668-BE54-9A1E7A4F7556}") = "TaylorBot.Net.BirthdayReward.Infrastructure", "src\TaylorBot.Net.BirthdayReward.Infrastructure\TaylorBot.Net.BirthdayReward.Infrastructure.csproj", "{2F0CA9FB-F6E5-48C8-8CD0-27EDE0E330B3}"
EndProject
Project("{9A19103F-16F7-4668-BE54-9A1E7A4F7556}") = "TaylorBot.Net.Reminder.Domain", "src\TaylorBot.Net.Reminder.Domain\TaylorBot.Net.Reminder.Domain.csproj", "{BAC1E318-21E6-4091-999D-EE4EC6CC84D7}"
EndProject
Project("{9A19103F-16F7-4668-BE54-9A1E7A4F7556}") = "TaylorBot.Net.Reminder.Infrastructure", "src\TaylorBot.Net.Reminder.Infrastructure\TaylorBot.Net.Reminder.Infrastructure.csproj", "{557F2247-A418-4C09-827B-3C4F682CA290}"
EndProject
Project("{9A19103F-16F7-4668-BE54-9A1E7A4F7556}") = "TaylorBot.Net.MemberLogging.Domain", "src\TaylorBot.Net.MemberLogging.Domain\TaylorBot.Net.MemberLogging.Domain.csproj", "{227A3192-37ED-469D-BA96-2D90D6A2BC9F}"
EndProject
Project("{9A19103F-16F7-4668-BE54-9A1E7A4F7556}") = "TaylorBot.Net.MemberLogging.Infrastructure", "src\TaylorBot.Net.MemberLogging.Infrastructure\TaylorBot.Net.MemberLogging.Infrastructure.csproj", "{A61E6FD3-9DB0-463A-9BD0-DC8E78FC8B52}"
EndProject
Project("{9A19103F-16F7-4668-BE54-9A1E7A4F7556}") = "TaylorBot.Net.MessageLogging.Domain", "src\TaylorBot.Net.MessageLogging.Domain\TaylorBot.Net.MessageLogging.Domain.csproj", "{8D886BF0-D4DC-4AF2-8503-943847309B64}"
EndProject
Project("{9A19103F-16F7-4668-BE54-9A1E7A4F7556}") = "TaylorBot.Net.MessageLogging.Infrastructure", "src\TaylorBot.Net.MessageLogging.Infrastructure\TaylorBot.Net.MessageLogging.Infrastructure.csproj", "{113A71E6-1865-426C-A3B4-8810C6636CEB}"
EndProject
Global
	GlobalSection(SolutionConfigurationPlatforms) = preSolution
		Debug|Any CPU = Debug|Any CPU
		Release|Any CPU = Release|Any CPU
	EndGlobalSection
	GlobalSection(ProjectConfigurationPlatforms) = postSolution
		{F63C4940-5D7F-49FB-B249-5E5AA7729A90}.Debug|Any CPU.ActiveCfg = Debug|Any CPU
		{F63C4940-5D7F-49FB-B249-5E5AA7729A90}.Debug|Any CPU.Build.0 = Debug|Any CPU
		{F63C4940-5D7F-49FB-B249-5E5AA7729A90}.Release|Any CPU.ActiveCfg = Release|Any CPU
		{F63C4940-5D7F-49FB-B249-5E5AA7729A90}.Release|Any CPU.Build.0 = Release|Any CPU
		{9315035E-B605-4687-AA54-82142195CE7B}.Debug|Any CPU.ActiveCfg = Debug|Any CPU
		{9315035E-B605-4687-AA54-82142195CE7B}.Debug|Any CPU.Build.0 = Debug|Any CPU
		{9315035E-B605-4687-AA54-82142195CE7B}.Release|Any CPU.ActiveCfg = Release|Any CPU
		{9315035E-B605-4687-AA54-82142195CE7B}.Release|Any CPU.Build.0 = Release|Any CPU
		{7124FE78-4373-4275-9576-83791414C75C}.Debug|Any CPU.ActiveCfg = Debug|Any CPU
		{7124FE78-4373-4275-9576-83791414C75C}.Debug|Any CPU.Build.0 = Debug|Any CPU
		{7124FE78-4373-4275-9576-83791414C75C}.Release|Any CPU.ActiveCfg = Release|Any CPU
		{7124FE78-4373-4275-9576-83791414C75C}.Release|Any CPU.Build.0 = Release|Any CPU
		{C70EFA7A-E395-4C3F-BB8A-60741064CE47}.Debug|Any CPU.ActiveCfg = Debug|Any CPU
		{C70EFA7A-E395-4C3F-BB8A-60741064CE47}.Debug|Any CPU.Build.0 = Debug|Any CPU
		{C70EFA7A-E395-4C3F-BB8A-60741064CE47}.Release|Any CPU.ActiveCfg = Release|Any CPU
		{C70EFA7A-E395-4C3F-BB8A-60741064CE47}.Release|Any CPU.Build.0 = Release|Any CPU
		{DDB0DF51-2903-46BA-B0D8-210964A99DEE}.Debug|Any CPU.ActiveCfg = Debug|Any CPU
		{DDB0DF51-2903-46BA-B0D8-210964A99DEE}.Debug|Any CPU.Build.0 = Debug|Any CPU
		{DDB0DF51-2903-46BA-B0D8-210964A99DEE}.Release|Any CPU.ActiveCfg = Release|Any CPU
		{DDB0DF51-2903-46BA-B0D8-210964A99DEE}.Release|Any CPU.Build.0 = Release|Any CPU
		{2F0CA9FB-F6E5-48C8-8CD0-27EDE0E330B3}.Debug|Any CPU.ActiveCfg = Debug|Any CPU
		{2F0CA9FB-F6E5-48C8-8CD0-27EDE0E330B3}.Debug|Any CPU.Build.0 = Debug|Any CPU
		{2F0CA9FB-F6E5-48C8-8CD0-27EDE0E330B3}.Release|Any CPU.ActiveCfg = Release|Any CPU
		{2F0CA9FB-F6E5-48C8-8CD0-27EDE0E330B3}.Release|Any CPU.Build.0 = Release|Any CPU
		{BAC1E318-21E6-4091-999D-EE4EC6CC84D7}.Debug|Any CPU.ActiveCfg = Debug|Any CPU
		{BAC1E318-21E6-4091-999D-EE4EC6CC84D7}.Debug|Any CPU.Build.0 = Debug|Any CPU
		{BAC1E318-21E6-4091-999D-EE4EC6CC84D7}.Release|Any CPU.ActiveCfg = Release|Any CPU
		{BAC1E318-21E6-4091-999D-EE4EC6CC84D7}.Release|Any CPU.Build.0 = Release|Any CPU
		{557F2247-A418-4C09-827B-3C4F682CA290}.Debug|Any CPU.ActiveCfg = Debug|Any CPU
		{557F2247-A418-4C09-827B-3C4F682CA290}.Debug|Any CPU.Build.0 = Debug|Any CPU
		{557F2247-A418-4C09-827B-3C4F682CA290}.Release|Any CPU.ActiveCfg = Release|Any CPU
		{557F2247-A418-4C09-827B-3C4F682CA290}.Release|Any CPU.Build.0 = Release|Any CPU
		{227A3192-37ED-469D-BA96-2D90D6A2BC9F}.Debug|Any CPU.ActiveCfg = Debug|Any CPU
		{227A3192-37ED-469D-BA96-2D90D6A2BC9F}.Debug|Any CPU.Build.0 = Debug|Any CPU
		{227A3192-37ED-469D-BA96-2D90D6A2BC9F}.Release|Any CPU.ActiveCfg = Release|Any CPU
		{227A3192-37ED-469D-BA96-2D90D6A2BC9F}.Release|Any CPU.Build.0 = Release|Any CPU
		{A61E6FD3-9DB0-463A-9BD0-DC8E78FC8B52}.Debug|Any CPU.ActiveCfg = Debug|Any CPU
		{A61E6FD3-9DB0-463A-9BD0-DC8E78FC8B52}.Debug|Any CPU.Build.0 = Debug|Any CPU
		{A61E6FD3-9DB0-463A-9BD0-DC8E78FC8B52}.Release|Any CPU.ActiveCfg = Release|Any CPU
		{A61E6FD3-9DB0-463A-9BD0-DC8E78FC8B52}.Release|Any CPU.Build.0 = Release|Any CPU
		{8D886BF0-D4DC-4AF2-8503-943847309B64}.Debug|Any CPU.ActiveCfg = Debug|Any CPU
		{8D886BF0-D4DC-4AF2-8503-943847309B64}.Debug|Any CPU.Build.0 = Debug|Any CPU
		{8D886BF0-D4DC-4AF2-8503-943847309B64}.Release|Any CPU.ActiveCfg = Release|Any CPU
		{8D886BF0-D4DC-4AF2-8503-943847309B64}.Release|Any CPU.Build.0 = Release|Any CPU
		{113A71E6-1865-426C-A3B4-8810C6636CEB}.Debug|Any CPU.ActiveCfg = Debug|Any CPU
		{113A71E6-1865-426C-A3B4-8810C6636CEB}.Debug|Any CPU.Build.0 = Debug|Any CPU
		{113A71E6-1865-426C-A3B4-8810C6636CEB}.Release|Any CPU.ActiveCfg = Release|Any CPU
		{113A71E6-1865-426C-A3B4-8810C6636CEB}.Release|Any CPU.Build.0 = Release|Any CPU
	EndGlobalSection
	GlobalSection(SolutionProperties) = preSolution
		HideSolutionNode = FALSE
	EndGlobalSection
	GlobalSection(ExtensibilityGlobals) = postSolution
		SolutionGuid = {6A724264-5403-4E81-BAE9-B0B221ED9273}
	EndGlobalSection
EndGlobal
